
Microsoft Visual Studio Solution File, Format Version 12.00
# Visual Studio Version 16
VisualStudioVersion = 25.0.1700.0
MinimumVisualStudioVersion = 10.0.40219.1
Project("{FAE04EC0-301F-11D3-BF4B-00C04F79EFBC}") = "ConsolePhotoAlbum", "ConsolePhotoAlbum\ConsolePhotoAlbum.csproj", "{3B4316AF-40CC-4454-9781-1CF307304EE4}"
EndProject
Project("{FAE04EC0-301F-11D3-BF4B-00C04F79EFBC}") = "ConsolePhotoAlbumTests", "ConsolePhotoAlbumTests\ConsolePhotoAlbumTests.csproj", "{CC1F8B89-DEA8-486C-9208-21F7515DDDB9}"
EndProject
Project("{E53339B2-1760-4266-BCC7-CA923CBCF16C}") = "docker-compose", "docker-compose.dcproj", "{FA7011BD-206B-450F-B308-6C05654E9121}"
EndProject
Global
	GlobalSection(SolutionConfigurationPlatforms) = preSolution
		Debug|Any CPU = Debug|Any CPU
		Release|Any CPU = Release|Any CPU
	EndGlobalSection
	GlobalSection(ProjectConfigurationPlatforms) = postSolution
		{3B4316AF-40CC-4454-9781-1CF307304EE4}.Debug|Any CPU.ActiveCfg = Debug|Any CPU
		{3B4316AF-40CC-4454-9781-1CF307304EE4}.Debug|Any CPU.Build.0 = Debug|Any CPU
		{3B4316AF-40CC-4454-9781-1CF307304EE4}.Release|Any CPU.ActiveCfg = Release|Any CPU
		{3B4316AF-40CC-4454-9781-1CF307304EE4}.Release|Any CPU.Build.0 = Release|Any CPU
		{CC1F8B89-DEA8-486C-9208-21F7515DDDB9}.Debug|Any CPU.ActiveCfg = Debug|Any CPU
		{CC1F8B89-DEA8-486C-9208-21F7515DDDB9}.Debug|Any CPU.Build.0 = Debug|Any CPU
		{CC1F8B89-DEA8-486C-9208-21F7515DDDB9}.Release|Any CPU.ActiveCfg = Release|Any CPU
		{CC1F8B89-DEA8-486C-9208-21F7515DDDB9}.Release|Any CPU.Build.0 = Release|Any CPU
		{FA7011BD-206B-450F-B308-6C05654E9121}.Debug|Any CPU.ActiveCfg = Debug|Any CPU
		{FA7011BD-206B-450F-B308-6C05654E9121}.Debug|Any CPU.Build.0 = Debug|Any CPU
		{FA7011BD-206B-450F-B308-6C05654E9121}.Release|Any CPU.ActiveCfg = Release|Any CPU
		{FA7011BD-206B-450F-B308-6C05654E9121}.Release|Any CPU.Build.0 = Release|Any CPU
	EndGlobalSection
	GlobalSection(SolutionProperties) = preSolution
		HideSolutionNode = FALSE
	EndGlobalSection
	GlobalSection(ExtensibilityGlobals) = postSolution
		SolutionGuid = {8823784B-4F02-4A04-8372-4C99E4DC512F}
	EndGlobalSection
EndGlobal
